// !$*UTF8*$!
{
	archiveVersion = 1;
	classes = {
	};
	objectVersion = 46;
	objects = {

/* Begin PBXBuildFile section */
		26A79394182BCC0300717995 /* DataModel.xcdatamodeld in Sources */ = {isa = PBXBuildFile; fileRef = 26A79392182BCC0300717995 /* DataModel.xcdatamodeld */; };
		26BD4389183139E700DA7339 /* Project.m in Sources */ = {isa = PBXBuildFile; fileRef = 26BD4388183139E700DA7339 /* Project.m */; };
		26BD438C183139E800DA7339 /* StudentClass.m in Sources */ = {isa = PBXBuildFile; fileRef = 26BD438B183139E800DA7339 /* StudentClass.m */; };
		26BD438F183139E800DA7339 /* Exam.m in Sources */ = {isa = PBXBuildFile; fileRef = 26BD438E183139E800DA7339 /* Exam.m */; };
		26BD4392183139E800DA7339 /* Assignment.m in Sources */ = {isa = PBXBuildFile; fileRef = 26BD4391183139E800DA7339 /* Assignment.m */; };
		26BD4395183139E800DA7339 /* Student.m in Sources */ = {isa = PBXBuildFile; fileRef = 26BD4394183139E800DA7339 /* Student.m */; };
		26BD4399183424A100DA7339 /* EditStudentController.m in Sources */ = {isa = PBXBuildFile; fileRef = 26BD4397183424A100DA7339 /* EditStudentController.m */; };
		26BD439A183424A100DA7339 /* EditStudentController.xib in Resources */ = {isa = PBXBuildFile; fileRef = 26BD4398183424A100DA7339 /* EditStudentController.xib */; };
		26C4B8F0183BA59D002BF64F /* ProjectViewController.m in Sources */ = {isa = PBXBuildFile; fileRef = 26C4B8EE183BA59C002BF64F /* ProjectViewController.m */; };
		26C4B8F1183BA59D002BF64F /* ProjectViewController.xib in Resources */ = {isa = PBXBuildFile; fileRef = 26C4B8EF183BA59D002BF64F /* ProjectViewController.xib */; };
		26C4B8F5183BA5BF002BF64F /* AddProjectController.m in Sources */ = {isa = PBXBuildFile; fileRef = 26C4B8F3183BA5BF002BF64F /* AddProjectController.m */; };
		26C4B8F6183BA5BF002BF64F /* AddProjectController.xib in Resources */ = {isa = PBXBuildFile; fileRef = 26C4B8F4183BA5BF002BF64F /* AddProjectController.xib */; };
		26C4B8FA183BAAA8002BF64F /* ExamViewController.m in Sources */ = {isa = PBXBuildFile; fileRef = 26C4B8F8183BAAA8002BF64F /* ExamViewController.m */; };
		26C4B8FB183BAAA8002BF64F /* ExamViewController.xib in Resources */ = {isa = PBXBuildFile; fileRef = 26C4B8F9183BAAA8002BF64F /* ExamViewController.xib */; };
		26C4B8FF183BAACB002BF64F /* AddExamController.m in Sources */ = {isa = PBXBuildFile; fileRef = 26C4B8FD183BAACA002BF64F /* AddExamController.m */; };
		26C4B900183BAACB002BF64F /* AddExamController.xib in Resources */ = {isa = PBXBuildFile; fileRef = 26C4B8FE183BAACB002BF64F /* AddExamController.xib */; };
		26C4B904183BAF39002BF64F /* CalendarViewController.m in Sources */ = {isa = PBXBuildFile; fileRef = 26C4B902183BAF38002BF64F /* CalendarViewController.m */; };
		26C4B905183BAF39002BF64F /* CalendarViewController.xib in Resources */ = {isa = PBXBuildFile; fileRef = 26C4B903183BAF39002BF64F /* CalendarViewController.xib */; };
		4B2E07F7183A7AFF00C7F089 /* SingleCourseViewController.m in Sources */ = {isa = PBXBuildFile; fileRef = 4B2E07F5183A7AFF00C7F089 /* SingleCourseViewController.m */; };
		4B2E07F8183A7AFF00C7F089 /* SingleCourseViewController.xib in Resources */ = {isa = PBXBuildFile; fileRef = 4B2E07F6183A7AFF00C7F089 /* SingleCourseViewController.xib */; };
		4B9101CA1830206B009F3885 /* Default.png in Resources */ = {isa = PBXBuildFile; fileRef = 4B9101C81830206B009F3885 /* Default.png */; };
		4B9101CB1830206B009F3885 /* Default@2x.png in Resources */ = {isa = PBXBuildFile; fileRef = 4B9101C91830206B009F3885 /* Default@2x.png */; };
		4BBE4539183B13840018A6B5 /* AssignmentsViewController.m in Sources */ = {isa = PBXBuildFile; fileRef = 4BBE4537183B13840018A6B5 /* AssignmentsViewController.m */; };
		4BBE453A183B13840018A6B5 /* AssignmentsViewController.xib in Resources */ = {isa = PBXBuildFile; fileRef = 4BBE4538183B13840018A6B5 /* AssignmentsViewController.xib */; };
		4BBE453E183B183D0018A6B5 /* AddAssignmentController.m in Sources */ = {isa = PBXBuildFile; fileRef = 4BBE453C183B183D0018A6B5 /* AddAssignmentController.m */; };
		4BBE453F183B183D0018A6B5 /* AddAssignmentController.xib in Resources */ = {isa = PBXBuildFile; fileRef = 4BBE453D183B183D0018A6B5 /* AddAssignmentController.xib */; };
		4BBE4548183B21DB0018A6B5 /* EditClassController.m in Sources */ = {isa = PBXBuildFile; fileRef = 4BBE4546183B21DB0018A6B5 /* EditClassController.m */; };
		4BBE4549183B21DB0018A6B5 /* EditClassController.xib in Resources */ = {isa = PBXBuildFile; fileRef = 4BBE4547183B21DB0018A6B5 /* EditClassController.xib */; };
		4BD4CC6C18285A27004F8834 /* UIKit.framework in Frameworks */ = {isa = PBXBuildFile; fileRef = 4BD4CC6B18285A27004F8834 /* UIKit.framework */; };
		4BD4CC6E18285A27004F8834 /* Foundation.framework in Frameworks */ = {isa = PBXBuildFile; fileRef = 4BD4CC6D18285A27004F8834 /* Foundation.framework */; };
		4BD4CC7018285A27004F8834 /* CoreGraphics.framework in Frameworks */ = {isa = PBXBuildFile; fileRef = 4BD4CC6F18285A27004F8834 /* CoreGraphics.framework */; };
		4BD4CC7218285A27004F8834 /* CoreData.framework in Frameworks */ = {isa = PBXBuildFile; fileRef = 4BD4CC7118285A27004F8834 /* CoreData.framework */; };
		4BD4CC7818285A27004F8834 /* InfoPlist.strings in Resources */ = {isa = PBXBuildFile; fileRef = 4BD4CC7618285A27004F8834 /* InfoPlist.strings */; };
		4BD4CC7A18285A27004F8834 /* main.m in Sources */ = {isa = PBXBuildFile; fileRef = 4BD4CC7918285A27004F8834 /* main.m */; };
		4BD4CC7E18285A27004F8834 /* AppDelegate.m in Sources */ = {isa = PBXBuildFile; fileRef = 4BD4CC7D18285A27004F8834 /* AppDelegate.m */; };
		4BD4CC8F18285A28004F8834 /* SenTestingKit.framework in Frameworks */ = {isa = PBXBuildFile; fileRef = 4BD4CC8E18285A28004F8834 /* SenTestingKit.framework */; };
		4BD4CC9018285A28004F8834 /* UIKit.framework in Frameworks */ = {isa = PBXBuildFile; fileRef = 4BD4CC6B18285A27004F8834 /* UIKit.framework */; };
		4BD4CC9118285A28004F8834 /* Foundation.framework in Frameworks */ = {isa = PBXBuildFile; fileRef = 4BD4CC6D18285A27004F8834 /* Foundation.framework */; };
		4BD4CC9218285A28004F8834 /* CoreData.framework in Frameworks */ = {isa = PBXBuildFile; fileRef = 4BD4CC7118285A27004F8834 /* CoreData.framework */; };
		4BD4CC9A18285A28004F8834 /* InfoPlist.strings in Resources */ = {isa = PBXBuildFile; fileRef = 4BD4CC9818285A28004F8834 /* InfoPlist.strings */; };
		4BD4CC9D18285A28004F8834 /* UPEI_PlannerTests.m in Sources */ = {isa = PBXBuildFile; fileRef = 4BD4CC9C18285A28004F8834 /* UPEI_PlannerTests.m */; };
		4BD4CCA918285AD9004F8834 /* InformationViewController.m in Sources */ = {isa = PBXBuildFile; fileRef = 4BD4CCA718285AD9004F8834 /* InformationViewController.m */; };
		4BD4CCAA18285AD9004F8834 /* InformationViewController.xib in Resources */ = {isa = PBXBuildFile; fileRef = 4BD4CCA818285AD9004F8834 /* InformationViewController.xib */; };
		4BD4CCB618285C88004F8834 /* MoodleViewController.m in Sources */ = {isa = PBXBuildFile; fileRef = 4BD4CCB418285C88004F8834 /* MoodleViewController.m */; };
		4BD4CCB718285C88004F8834 /* MoodleViewController.xib in Resources */ = {isa = PBXBuildFile; fileRef = 4BD4CCB518285C88004F8834 /* MoodleViewController.xib */; };
		4BDFD5061837E7520016A21C /* CoursesViewController.m in Sources */ = {isa = PBXBuildFile; fileRef = 4BDFD5041837E7520016A21C /* CoursesViewController.m */; };
		4BDFD5071837E7520016A21C /* CoursesViewController.xib in Resources */ = {isa = PBXBuildFile; fileRef = 4BDFD5051837E7520016A21C /* CoursesViewController.xib */; };
		4BE4269118391C3900CBBEBB /* AddClassController.m in Sources */ = {isa = PBXBuildFile; fileRef = 4BE4268F18391C3900CBBEBB /* AddClassController.m */; };
		4BE4269218391C3900CBBEBB /* AddClassController.xib in Resources */ = {isa = PBXBuildFile; fileRef = 4BE4269018391C3900CBBEBB /* AddClassController.xib */; };
		4BFF8C86182FD08C007A5DE2 /* Icon-72.png in Resources */ = {isa = PBXBuildFile; fileRef = 4BFF8C7B182FD08B007A5DE2 /* Icon-72.png */; };
		4BFF8C87182FD08C007A5DE2 /* Icon-72@2x.png in Resources */ = {isa = PBXBuildFile; fileRef = 4BFF8C7C182FD08C007A5DE2 /* Icon-72@2x.png */; };
		4BFF8C88182FD08C007A5DE2 /* Icon-Small-50.png in Resources */ = {isa = PBXBuildFile; fileRef = 4BFF8C7D182FD08C007A5DE2 /* Icon-Small-50.png */; };
		4BFF8C89182FD08C007A5DE2 /* Icon-Small-50@2x.png in Resources */ = {isa = PBXBuildFile; fileRef = 4BFF8C7E182FD08C007A5DE2 /* Icon-Small-50@2x.png */; };
		4BFF8C8A182FD08C007A5DE2 /* Icon-Small.png in Resources */ = {isa = PBXBuildFile; fileRef = 4BFF8C7F182FD08C007A5DE2 /* Icon-Small.png */; };
		4BFF8C8B182FD08C007A5DE2 /* Icon-Small@2x.png in Resources */ = {isa = PBXBuildFile; fileRef = 4BFF8C80182FD08C007A5DE2 /* Icon-Small@2x.png */; };
		4BFF8C8C182FD08C007A5DE2 /* Icon.png in Resources */ = {isa = PBXBuildFile; fileRef = 4BFF8C81182FD08C007A5DE2 /* Icon.png */; };
		4BFF8C8D182FD08C007A5DE2 /* Icon@2x.png in Resources */ = {isa = PBXBuildFile; fileRef = 4BFF8C82182FD08C007A5DE2 /* Icon@2x.png */; };
		4BFF8C8E182FD08C007A5DE2 /* iTunesArtwork.png in Resources */ = {isa = PBXBuildFile; fileRef = 4BFF8C83182FD08C007A5DE2 /* iTunesArtwork.png */; };
		4BFF8C8F182FD08C007A5DE2 /* iTunesArtwork@2x.png in Resources */ = {isa = PBXBuildFile; fileRef = 4BFF8C84182FD08C007A5DE2 /* iTunesArtwork@2x.png */; };
		4BFF8C90182FD08C007A5DE2 /* spacer.gif in Resources */ = {isa = PBXBuildFile; fileRef = 4BFF8C85182FD08C007A5DE2 /* spacer.gif */; };
/* End PBXBuildFile section */

/* Begin PBXContainerItemProxy section */
		4BD4CC9318285A28004F8834 /* PBXContainerItemProxy */ = {
			isa = PBXContainerItemProxy;
			containerPortal = 4BD4CC6018285A27004F8834 /* Project object */;
			proxyType = 1;
			remoteGlobalIDString = 4BD4CC6718285A27004F8834;
			remoteInfo = "UPEI Planner";
		};
/* End PBXContainerItemProxy section */

/* Begin PBXFileReference section */
		26A79393182BCC0300717995 /* DataModel.xcdatamodel */ = {isa = PBXFileReference; lastKnownFileType = wrapper.xcdatamodel; path = DataModel.xcdatamodel; sourceTree = "<group>"; };
		26BD4387183139E700DA7339 /* Project.h */ = {isa = PBXFileReference; fileEncoding = 4; lastKnownFileType = sourcecode.c.h; path = Project.h; sourceTree = "<group>"; };
		26BD4388183139E700DA7339 /* Project.m */ = {isa = PBXFileReference; fileEncoding = 4; lastKnownFileType = sourcecode.c.objc; path = Project.m; sourceTree = "<group>"; };
		26BD438A183139E800DA7339 /* StudentClass.h */ = {isa = PBXFileReference; fileEncoding = 4; lastKnownFileType = sourcecode.c.h; path = StudentClass.h; sourceTree = "<group>"; };
		26BD438B183139E800DA7339 /* StudentClass.m */ = {isa = PBXFileReference; fileEncoding = 4; lastKnownFileType = sourcecode.c.objc; path = StudentClass.m; sourceTree = "<group>"; };
		26BD438D183139E800DA7339 /* Exam.h */ = {isa = PBXFileReference; fileEncoding = 4; lastKnownFileType = sourcecode.c.h; path = Exam.h; sourceTree = "<group>"; };
		26BD438E183139E800DA7339 /* Exam.m */ = {isa = PBXFileReference; fileEncoding = 4; lastKnownFileType = sourcecode.c.objc; path = Exam.m; sourceTree = "<group>"; };
		26BD4390183139E800DA7339 /* Assignment.h */ = {isa = PBXFileReference; fileEncoding = 4; lastKnownFileType = sourcecode.c.h; path = Assignment.h; sourceTree = "<group>"; };
		26BD4391183139E800DA7339 /* Assignment.m */ = {isa = PBXFileReference; fileEncoding = 4; lastKnownFileType = sourcecode.c.objc; path = Assignment.m; sourceTree = "<group>"; };
		26BD4393183139E800DA7339 /* Student.h */ = {isa = PBXFileReference; fileEncoding = 4; lastKnownFileType = sourcecode.c.h; path = Student.h; sourceTree = "<group>"; };
		26BD4394183139E800DA7339 /* Student.m */ = {isa = PBXFileReference; fileEncoding = 4; lastKnownFileType = sourcecode.c.objc; path = Student.m; sourceTree = "<group>"; };
		26BD4396183424A100DA7339 /* EditStudentController.h */ = {isa = PBXFileReference; fileEncoding = 4; lastKnownFileType = sourcecode.c.h; path = EditStudentController.h; sourceTree = "<group>"; };
		26BD4397183424A100DA7339 /* EditStudentController.m */ = {isa = PBXFileReference; fileEncoding = 4; lastKnownFileType = sourcecode.c.objc; path = EditStudentController.m; sourceTree = "<group>"; };
		26BD4398183424A100DA7339 /* EditStudentController.xib */ = {isa = PBXFileReference; fileEncoding = 4; lastKnownFileType = file.xib; path = EditStudentController.xib; sourceTree = "<group>"; };
		26C4B8ED183BA59C002BF64F /* ProjectViewController.h */ = {isa = PBXFileReference; fileEncoding = 4; lastKnownFileType = sourcecode.c.h; path = ProjectViewController.h; sourceTree = "<group>"; };
		26C4B8EE183BA59C002BF64F /* ProjectViewController.m */ = {isa = PBXFileReference; fileEncoding = 4; lastKnownFileType = sourcecode.c.objc; path = ProjectViewController.m; sourceTree = "<group>"; };
		26C4B8EF183BA59D002BF64F /* ProjectViewController.xib */ = {isa = PBXFileReference; fileEncoding = 4; lastKnownFileType = file.xib; path = ProjectViewController.xib; sourceTree = "<group>"; };
		26C4B8F2183BA5BF002BF64F /* AddProjectController.h */ = {isa = PBXFileReference; fileEncoding = 4; lastKnownFileType = sourcecode.c.h; path = AddProjectController.h; sourceTree = "<group>"; };
		26C4B8F3183BA5BF002BF64F /* AddProjectController.m */ = {isa = PBXFileReference; fileEncoding = 4; lastKnownFileType = sourcecode.c.objc; path = AddProjectController.m; sourceTree = "<group>"; };
		26C4B8F4183BA5BF002BF64F /* AddProjectController.xib */ = {isa = PBXFileReference; fileEncoding = 4; lastKnownFileType = file.xib; path = AddProjectController.xib; sourceTree = "<group>"; };
		26C4B8F7183BAAA8002BF64F /* ExamViewController.h */ = {isa = PBXFileReference; fileEncoding = 4; lastKnownFileType = sourcecode.c.h; path = ExamViewController.h; sourceTree = "<group>"; };
		26C4B8F8183BAAA8002BF64F /* ExamViewController.m */ = {isa = PBXFileReference; fileEncoding = 4; lastKnownFileType = sourcecode.c.objc; path = ExamViewController.m; sourceTree = "<group>"; };
		26C4B8F9183BAAA8002BF64F /* ExamViewController.xib */ = {isa = PBXFileReference; fileEncoding = 4; lastKnownFileType = file.xib; path = ExamViewController.xib; sourceTree = "<group>"; };
		26C4B8FC183BAACA002BF64F /* AddExamController.h */ = {isa = PBXFileReference; fileEncoding = 4; lastKnownFileType = sourcecode.c.h; path = AddExamController.h; sourceTree = "<group>"; };
		26C4B8FD183BAACA002BF64F /* AddExamController.m */ = {isa = PBXFileReference; fileEncoding = 4; lastKnownFileType = sourcecode.c.objc; path = AddExamController.m; sourceTree = "<group>"; };
		26C4B8FE183BAACB002BF64F /* AddExamController.xib */ = {isa = PBXFileReference; fileEncoding = 4; lastKnownFileType = file.xib; path = AddExamController.xib; sourceTree = "<group>"; };
		26C4B901183BAF38002BF64F /* CalendarViewController.h */ = {isa = PBXFileReference; fileEncoding = 4; lastKnownFileType = sourcecode.c.h; path = CalendarViewController.h; sourceTree = "<group>"; };
		26C4B902183BAF38002BF64F /* CalendarViewController.m */ = {isa = PBXFileReference; fileEncoding = 4; lastKnownFileType = sourcecode.c.objc; path = CalendarViewController.m; sourceTree = "<group>"; };
		26C4B903183BAF39002BF64F /* CalendarViewController.xib */ = {isa = PBXFileReference; fileEncoding = 4; lastKnownFileType = file.xib; path = CalendarViewController.xib; sourceTree = "<group>"; };
		4B2E07F4183A7AFF00C7F089 /* SingleCourseViewController.h */ = {isa = PBXFileReference; fileEncoding = 4; lastKnownFileType = sourcecode.c.h; path = SingleCourseViewController.h; sourceTree = "<group>"; };
		4B2E07F5183A7AFF00C7F089 /* SingleCourseViewController.m */ = {isa = PBXFileReference; fileEncoding = 4; lastKnownFileType = sourcecode.c.objc; path = SingleCourseViewController.m; sourceTree = "<group>"; };
		4B2E07F6183A7AFF00C7F089 /* SingleCourseViewController.xib */ = {isa = PBXFileReference; fileEncoding = 4; lastKnownFileType = file.xib; path = SingleCourseViewController.xib; sourceTree = "<group>"; };
		4B9101C81830206B009F3885 /* Default.png */ = {isa = PBXFileReference; lastKnownFileType = image.png; path = Default.png; sourceTree = "<group>"; };
		4B9101C91830206B009F3885 /* Default@2x.png */ = {isa = PBXFileReference; lastKnownFileType = image.png; path = "Default@2x.png"; sourceTree = "<group>"; };
		4BBE4536183B13840018A6B5 /* AssignmentsViewController.h */ = {isa = PBXFileReference; fileEncoding = 4; lastKnownFileType = sourcecode.c.h; path = AssignmentsViewController.h; sourceTree = "<group>"; };
		4BBE4537183B13840018A6B5 /* AssignmentsViewController.m */ = {isa = PBXFileReference; fileEncoding = 4; lastKnownFileType = sourcecode.c.objc; path = AssignmentsViewController.m; sourceTree = "<group>"; };
		4BBE4538183B13840018A6B5 /* AssignmentsViewController.xib */ = {isa = PBXFileReference; fileEncoding = 4; lastKnownFileType = file.xib; path = AssignmentsViewController.xib; sourceTree = "<group>"; };
		4BBE453B183B183D0018A6B5 /* AddAssignmentController.h */ = {isa = PBXFileReference; fileEncoding = 4; lastKnownFileType = sourcecode.c.h; path = AddAssignmentController.h; sourceTree = "<group>"; };
		4BBE453C183B183D0018A6B5 /* AddAssignmentController.m */ = {isa = PBXFileReference; fileEncoding = 4; lastKnownFileType = sourcecode.c.objc; path = AddAssignmentController.m; sourceTree = "<group>"; };
		4BBE453D183B183D0018A6B5 /* AddAssignmentController.xib */ = {isa = PBXFileReference; fileEncoding = 4; lastKnownFileType = file.xib; path = AddAssignmentController.xib; sourceTree = "<group>"; };
		4BBE4545183B21DB0018A6B5 /* EditClassController.h */ = {isa = PBXFileReference; fileEncoding = 4; lastKnownFileType = sourcecode.c.h; path = EditClassController.h; sourceTree = "<group>"; };
		4BBE4546183B21DB0018A6B5 /* EditClassController.m */ = {isa = PBXFileReference; fileEncoding = 4; lastKnownFileType = sourcecode.c.objc; path = EditClassController.m; sourceTree = "<group>"; };
		4BBE4547183B21DB0018A6B5 /* EditClassController.xib */ = {isa = PBXFileReference; fileEncoding = 4; lastKnownFileType = file.xib; path = EditClassController.xib; sourceTree = "<group>"; };
		4BD4CC6818285A27004F8834 /* UPEI Planner.app */ = {isa = PBXFileReference; explicitFileType = wrapper.application; includeInIndex = 0; path = "UPEI Planner.app"; sourceTree = BUILT_PRODUCTS_DIR; };
		4BD4CC6B18285A27004F8834 /* UIKit.framework */ = {isa = PBXFileReference; lastKnownFileType = wrapper.framework; name = UIKit.framework; path = System/Library/Frameworks/UIKit.framework; sourceTree = SDKROOT; };
		4BD4CC6D18285A27004F8834 /* Foundation.framework */ = {isa = PBXFileReference; lastKnownFileType = wrapper.framework; name = Foundation.framework; path = System/Library/Frameworks/Foundation.framework; sourceTree = SDKROOT; };
		4BD4CC6F18285A27004F8834 /* CoreGraphics.framework */ = {isa = PBXFileReference; lastKnownFileType = wrapper.framework; name = CoreGraphics.framework; path = System/Library/Frameworks/CoreGraphics.framework; sourceTree = SDKROOT; };
		4BD4CC7118285A27004F8834 /* CoreData.framework */ = {isa = PBXFileReference; lastKnownFileType = wrapper.framework; name = CoreData.framework; path = System/Library/Frameworks/CoreData.framework; sourceTree = SDKROOT; };
		4BD4CC7518285A27004F8834 /* UPEI Planner-Info.plist */ = {isa = PBXFileReference; lastKnownFileType = text.plist.xml; path = "UPEI Planner-Info.plist"; sourceTree = "<group>"; };
		4BD4CC7718285A27004F8834 /* en */ = {isa = PBXFileReference; lastKnownFileType = text.plist.strings; name = en; path = en.lproj/InfoPlist.strings; sourceTree = "<group>"; };
		4BD4CC7918285A27004F8834 /* main.m */ = {isa = PBXFileReference; lastKnownFileType = sourcecode.c.objc; path = main.m; sourceTree = "<group>"; };
		4BD4CC7B18285A27004F8834 /* UPEI Planner-Prefix.pch */ = {isa = PBXFileReference; lastKnownFileType = sourcecode.c.h; path = "UPEI Planner-Prefix.pch"; sourceTree = "<group>"; };
		4BD4CC7C18285A27004F8834 /* AppDelegate.h */ = {isa = PBXFileReference; lastKnownFileType = sourcecode.c.h; path = AppDelegate.h; sourceTree = "<group>"; };
		4BD4CC7D18285A27004F8834 /* AppDelegate.m */ = {isa = PBXFileReference; lastKnownFileType = sourcecode.c.objc; path = AppDelegate.m; sourceTree = "<group>"; };
		4BD4CC8D18285A28004F8834 /* UPEI PlannerTests.octest */ = {isa = PBXFileReference; explicitFileType = wrapper.cfbundle; includeInIndex = 0; path = "UPEI PlannerTests.octest"; sourceTree = BUILT_PRODUCTS_DIR; };
		4BD4CC8E18285A28004F8834 /* SenTestingKit.framework */ = {isa = PBXFileReference; lastKnownFileType = wrapper.framework; name = SenTestingKit.framework; path = Library/Frameworks/SenTestingKit.framework; sourceTree = DEVELOPER_DIR; };
		4BD4CC9718285A28004F8834 /* UPEI PlannerTests-Info.plist */ = {isa = PBXFileReference; lastKnownFileType = text.plist.xml; path = "UPEI PlannerTests-Info.plist"; sourceTree = "<group>"; };
		4BD4CC9918285A28004F8834 /* en */ = {isa = PBXFileReference; lastKnownFileType = text.plist.strings; name = en; path = en.lproj/InfoPlist.strings; sourceTree = "<group>"; };
		4BD4CC9B18285A28004F8834 /* UPEI_PlannerTests.h */ = {isa = PBXFileReference; lastKnownFileType = sourcecode.c.h; path = UPEI_PlannerTests.h; sourceTree = "<group>"; };
		4BD4CC9C18285A28004F8834 /* UPEI_PlannerTests.m */ = {isa = PBXFileReference; lastKnownFileType = sourcecode.c.objc; path = UPEI_PlannerTests.m; sourceTree = "<group>"; };
		4BD4CCA618285AD9004F8834 /* InformationViewController.h */ = {isa = PBXFileReference; fileEncoding = 4; lastKnownFileType = sourcecode.c.h; path = InformationViewController.h; sourceTree = "<group>"; };
		4BD4CCA718285AD9004F8834 /* InformationViewController.m */ = {isa = PBXFileReference; fileEncoding = 4; lastKnownFileType = sourcecode.c.objc; path = InformationViewController.m; sourceTree = "<group>"; };
		4BD4CCA818285AD9004F8834 /* InformationViewController.xib */ = {isa = PBXFileReference; fileEncoding = 4; lastKnownFileType = file.xib; path = InformationViewController.xib; sourceTree = "<group>"; };
		4BD4CCB318285C88004F8834 /* MoodleViewController.h */ = {isa = PBXFileReference; fileEncoding = 4; lastKnownFileType = sourcecode.c.h; path = MoodleViewController.h; sourceTree = "<group>"; };
		4BD4CCB418285C88004F8834 /* MoodleViewController.m */ = {isa = PBXFileReference; fileEncoding = 4; lastKnownFileType = sourcecode.c.objc; path = MoodleViewController.m; sourceTree = "<group>"; };
		4BD4CCB518285C88004F8834 /* MoodleViewController.xib */ = {isa = PBXFileReference; fileEncoding = 4; lastKnownFileType = file.xib; path = MoodleViewController.xib; sourceTree = "<group>"; };
		4BDFD4FD1837D9210016A21C /* DataModel 2.xcdatamodel */ = {isa = PBXFileReference; lastKnownFileType = wrapper.xcdatamodel; path = "DataModel 2.xcdatamodel"; sourceTree = "<group>"; };
		4BDFD5031837E7520016A21C /* CoursesViewController.h */ = {isa = PBXFileReference; fileEncoding = 4; lastKnownFileType = sourcecode.c.h; path = CoursesViewController.h; sourceTree = "<group>"; };
		4BDFD5041837E7520016A21C /* CoursesViewController.m */ = {isa = PBXFileReference; fileEncoding = 4; lastKnownFileType = sourcecode.c.objc; path = CoursesViewController.m; sourceTree = "<group>"; };
		4BDFD5051837E7520016A21C /* CoursesViewController.xib */ = {isa = PBXFileReference; fileEncoding = 4; lastKnownFileType = file.xib; path = CoursesViewController.xib; sourceTree = "<group>"; };
		4BE4268E18391C3900CBBEBB /* AddClassController.h */ = {isa = PBXFileReference; fileEncoding = 4; lastKnownFileType = sourcecode.c.h; path = AddClassController.h; sourceTree = "<group>"; };
		4BE4268F18391C3900CBBEBB /* AddClassController.m */ = {isa = PBXFileReference; fileEncoding = 4; lastKnownFileType = sourcecode.c.objc; path = AddClassController.m; sourceTree = "<group>"; };
		4BE4269018391C3900CBBEBB /* AddClassController.xib */ = {isa = PBXFileReference; fileEncoding = 4; lastKnownFileType = file.xib; path = AddClassController.xib; sourceTree = "<group>"; };
		4BFF8C7B182FD08B007A5DE2 /* Icon-72.png */ = {isa = PBXFileReference; lastKnownFileType = image.png; path = "Icon-72.png"; sourceTree = "<group>"; };
		4BFF8C7C182FD08C007A5DE2 /* Icon-72@2x.png */ = {isa = PBXFileReference; lastKnownFileType = image.png; path = "Icon-72@2x.png"; sourceTree = "<group>"; };
		4BFF8C7D182FD08C007A5DE2 /* Icon-Small-50.png */ = {isa = PBXFileReference; lastKnownFileType = image.png; path = "Icon-Small-50.png"; sourceTree = "<group>"; };
		4BFF8C7E182FD08C007A5DE2 /* Icon-Small-50@2x.png */ = {isa = PBXFileReference; lastKnownFileType = image.png; path = "Icon-Small-50@2x.png"; sourceTree = "<group>"; };
		4BFF8C7F182FD08C007A5DE2 /* Icon-Small.png */ = {isa = PBXFileReference; lastKnownFileType = image.png; path = "Icon-Small.png"; sourceTree = "<group>"; };
		4BFF8C80182FD08C007A5DE2 /* Icon-Small@2x.png */ = {isa = PBXFileReference; lastKnownFileType = image.png; path = "Icon-Small@2x.png"; sourceTree = "<group>"; };
		4BFF8C81182FD08C007A5DE2 /* Icon.png */ = {isa = PBXFileReference; lastKnownFileType = image.png; path = Icon.png; sourceTree = "<group>"; };
		4BFF8C82182FD08C007A5DE2 /* Icon@2x.png */ = {isa = PBXFileReference; lastKnownFileType = image.png; path = "Icon@2x.png"; sourceTree = "<group>"; };
		4BFF8C83182FD08C007A5DE2 /* iTunesArtwork.png */ = {isa = PBXFileReference; lastKnownFileType = image.png; path = iTunesArtwork.png; sourceTree = "<group>"; };
		4BFF8C84182FD08C007A5DE2 /* iTunesArtwork@2x.png */ = {isa = PBXFileReference; lastKnownFileType = image.png; path = "iTunesArtwork@2x.png"; sourceTree = "<group>"; };
		4BFF8C85182FD08C007A5DE2 /* spacer.gif */ = {isa = PBXFileReference; lastKnownFileType = image.gif; path = spacer.gif; sourceTree = "<group>"; };
/* End PBXFileReference section */

/* Begin PBXFrameworksBuildPhase section */
		4BD4CC6518285A27004F8834 /* Frameworks */ = {
			isa = PBXFrameworksBuildPhase;
			buildActionMask = 2147483647;
			files = (
				4BD4CC6C18285A27004F8834 /* UIKit.framework in Frameworks */,
				4BD4CC6E18285A27004F8834 /* Foundation.framework in Frameworks */,
				4BD4CC7018285A27004F8834 /* CoreGraphics.framework in Frameworks */,
				4BD4CC7218285A27004F8834 /* CoreData.framework in Frameworks */,
			);
			runOnlyForDeploymentPostprocessing = 0;
		};
		4BD4CC8918285A28004F8834 /* Frameworks */ = {
			isa = PBXFrameworksBuildPhase;
			buildActionMask = 2147483647;
			files = (
				4BD4CC8F18285A28004F8834 /* SenTestingKit.framework in Frameworks */,
				4BD4CC9018285A28004F8834 /* UIKit.framework in Frameworks */,
				4BD4CC9118285A28004F8834 /* Foundation.framework in Frameworks */,
				4BD4CC9218285A28004F8834 /* CoreData.framework in Frameworks */,
			);
			runOnlyForDeploymentPostprocessing = 0;
		};
/* End PBXFrameworksBuildPhase section */

/* Begin PBXGroup section */
		4BD4CC5F18285A27004F8834 = {
			isa = PBXGroup;
			children = (
				4BD4CC7318285A27004F8834 /* UPEI Planner */,
				4BD4CC9518285A28004F8834 /* UPEI PlannerTests */,
				4BD4CC6A18285A27004F8834 /* Frameworks */,
				4BD4CC6918285A27004F8834 /* Products */,
			);
			sourceTree = "<group>";
		};
		4BD4CC6918285A27004F8834 /* Products */ = {
			isa = PBXGroup;
			children = (
				4BD4CC6818285A27004F8834 /* UPEI Planner.app */,
				4BD4CC8D18285A28004F8834 /* UPEI PlannerTests.octest */,
			);
			name = Products;
			sourceTree = "<group>";
		};
		4BD4CC6A18285A27004F8834 /* Frameworks */ = {
			isa = PBXGroup;
			children = (
				4BD4CC6B18285A27004F8834 /* UIKit.framework */,
				4BD4CC6D18285A27004F8834 /* Foundation.framework */,
				4BD4CC6F18285A27004F8834 /* CoreGraphics.framework */,
				4BD4CC7118285A27004F8834 /* CoreData.framework */,
				4BD4CC8E18285A28004F8834 /* SenTestingKit.framework */,
			);
			name = Frameworks;
			sourceTree = "<group>";
		};
		4BD4CC7318285A27004F8834 /* UPEI Planner */ = {
			isa = PBXGroup;
			children = (
				4BD4CC7C18285A27004F8834 /* AppDelegate.h */,
				4BD4CC7D18285A27004F8834 /* AppDelegate.m */,
				4BD4CCA618285AD9004F8834 /* InformationViewController.h */,
				4BD4CCA718285AD9004F8834 /* InformationViewController.m */,
				4BD4CCA818285AD9004F8834 /* InformationViewController.xib */,
				26BD4396183424A100DA7339 /* EditStudentController.h */,
				26BD4397183424A100DA7339 /* EditStudentController.m */,
				26BD4398183424A100DA7339 /* EditStudentController.xib */,
				4BDFD5031837E7520016A21C /* CoursesViewController.h */,
				4BDFD5041837E7520016A21C /* CoursesViewController.m */,
				4BDFD5051837E7520016A21C /* CoursesViewController.xib */,
				4BD4CCB318285C88004F8834 /* MoodleViewController.h */,
				4BD4CCB418285C88004F8834 /* MoodleViewController.m */,
				4BD4CCB518285C88004F8834 /* MoodleViewController.xib */,
				4BD4CC7418285A27004F8834 /* Supporting Files */,
				26A79392182BCC0300717995 /* DataModel.xcdatamodeld */,
				26BD4393183139E800DA7339 /* Student.h */,
				26BD4394183139E800DA7339 /* Student.m */,
				26BD4390183139E800DA7339 /* Assignment.h */,
				26BD4391183139E800DA7339 /* Assignment.m */,
				26BD438D183139E800DA7339 /* Exam.h */,
				26BD438E183139E800DA7339 /* Exam.m */,
				26BD438A183139E800DA7339 /* StudentClass.h */,
				26BD438B183139E800DA7339 /* StudentClass.m */,
				26BD4387183139E700DA7339 /* Project.h */,
				26BD4388183139E700DA7339 /* Project.m */,
				4BE4268E18391C3900CBBEBB /* AddClassController.h */,
				4BE4268F18391C3900CBBEBB /* AddClassController.m */,
				4BE4269018391C3900CBBEBB /* AddClassController.xib */,
				4BBE4545183B21DB0018A6B5 /* EditClassController.h */,
				4BBE4546183B21DB0018A6B5 /* EditClassController.m */,
				4BBE4547183B21DB0018A6B5 /* EditClassController.xib */,
				4B2E07F4183A7AFF00C7F089 /* SingleCourseViewController.h */,
				4B2E07F5183A7AFF00C7F089 /* SingleCourseViewController.m */,
				4B2E07F6183A7AFF00C7F089 /* SingleCourseViewController.xib */,
				4BBE4536183B13840018A6B5 /* AssignmentsViewController.h */,
				4BBE4537183B13840018A6B5 /* AssignmentsViewController.m */,
				4BBE4538183B13840018A6B5 /* AssignmentsViewController.xib */,
				4BBE453B183B183D0018A6B5 /* AddAssignmentController.h */,
				4BBE453C183B183D0018A6B5 /* AddAssignmentController.m */,
				4BBE453D183B183D0018A6B5 /* AddAssignmentController.xib */,
				26C4B8ED183BA59C002BF64F /* ProjectViewController.h */,
				26C4B8EE183BA59C002BF64F /* ProjectViewController.m */,
				26C4B8EF183BA59D002BF64F /* ProjectViewController.xib */,
				26C4B8F2183BA5BF002BF64F /* AddProjectController.h */,
				26C4B8F3183BA5BF002BF64F /* AddProjectController.m */,
				26C4B8F4183BA5BF002BF64F /* AddProjectController.xib */,
				26C4B8F7183BAAA8002BF64F /* ExamViewController.h */,
				26C4B8F8183BAAA8002BF64F /* ExamViewController.m */,
				26C4B8F9183BAAA8002BF64F /* ExamViewController.xib */,
				26C4B8FC183BAACA002BF64F /* AddExamController.h */,
				26C4B8FD183BAACA002BF64F /* AddExamController.m */,
				26C4B8FE183BAACB002BF64F /* AddExamController.xib */,
				26C4B901183BAF38002BF64F /* CalendarViewController.h */,
				26C4B902183BAF38002BF64F /* CalendarViewController.m */,
				26C4B903183BAF39002BF64F /* CalendarViewController.xib */,
			);
			path = "UPEI Planner";
			sourceTree = "<group>";
		};
		4BD4CC7418285A27004F8834 /* Supporting Files */ = {
			isa = PBXGroup;
			children = (
				4B9101C81830206B009F3885 /* Default.png */,
				4B9101C91830206B009F3885 /* Default@2x.png */,
				4BD4CC7518285A27004F8834 /* UPEI Planner-Info.plist */,
				4BFF8C7B182FD08B007A5DE2 /* Icon-72.png */,
				4BFF8C7C182FD08C007A5DE2 /* Icon-72@2x.png */,
				4BFF8C7D182FD08C007A5DE2 /* Icon-Small-50.png */,
				4BFF8C7E182FD08C007A5DE2 /* Icon-Small-50@2x.png */,
				4BFF8C7F182FD08C007A5DE2 /* Icon-Small.png */,
				4BFF8C80182FD08C007A5DE2 /* Icon-Small@2x.png */,
				4BFF8C81182FD08C007A5DE2 /* Icon.png */,
				4BFF8C82182FD08C007A5DE2 /* Icon@2x.png */,
				4BFF8C83182FD08C007A5DE2 /* iTunesArtwork.png */,
				4BFF8C84182FD08C007A5DE2 /* iTunesArtwork@2x.png */,
				4BFF8C85182FD08C007A5DE2 /* spacer.gif */,
				4BD4CC7618285A27004F8834 /* InfoPlist.strings */,
				4BD4CC7918285A27004F8834 /* main.m */,
				4BD4CC7B18285A27004F8834 /* UPEI Planner-Prefix.pch */,
			);
			name = "Supporting Files";
			sourceTree = "<group>";
		};
		4BD4CC9518285A28004F8834 /* UPEI PlannerTests */ = {
			isa = PBXGroup;
			children = (
				4BD4CC9B18285A28004F8834 /* UPEI_PlannerTests.h */,
				4BD4CC9C18285A28004F8834 /* UPEI_PlannerTests.m */,
				4BD4CC9618285A28004F8834 /* Supporting Files */,
			);
			path = "UPEI PlannerTests";
			sourceTree = "<group>";
		};
		4BD4CC9618285A28004F8834 /* Supporting Files */ = {
			isa = PBXGroup;
			children = (
				4BD4CC9718285A28004F8834 /* UPEI PlannerTests-Info.plist */,
				4BD4CC9818285A28004F8834 /* InfoPlist.strings */,
			);
			name = "Supporting Files";
			sourceTree = "<group>";
		};
/* End PBXGroup section */

/* Begin PBXNativeTarget section */
		4BD4CC6718285A27004F8834 /* UPEI Planner */ = {
			isa = PBXNativeTarget;
			buildConfigurationList = 4BD4CCA018285A28004F8834 /* Build configuration list for PBXNativeTarget "UPEI Planner" */;
			buildPhases = (
				4BD4CC6418285A27004F8834 /* Sources */,
				4BD4CC6518285A27004F8834 /* Frameworks */,
				4BD4CC6618285A27004F8834 /* Resources */,
			);
			buildRules = (
			);
			dependencies = (
			);
			name = "UPEI Planner";
			productName = "UPEI Planner";
			productReference = 4BD4CC6818285A27004F8834 /* UPEI Planner.app */;
			productType = "com.apple.product-type.application";
		};
		4BD4CC8C18285A28004F8834 /* UPEI PlannerTests */ = {
			isa = PBXNativeTarget;
			buildConfigurationList = 4BD4CCA318285A28004F8834 /* Build configuration list for PBXNativeTarget "UPEI PlannerTests" */;
			buildPhases = (
				4BD4CC8818285A28004F8834 /* Sources */,
				4BD4CC8918285A28004F8834 /* Frameworks */,
				4BD4CC8A18285A28004F8834 /* Resources */,
				4BD4CC8B18285A28004F8834 /* ShellScript */,
			);
			buildRules = (
			);
			dependencies = (
				4BD4CC9418285A28004F8834 /* PBXTargetDependency */,
			);
			name = "UPEI PlannerTests";
			productName = "UPEI PlannerTests";
			productReference = 4BD4CC8D18285A28004F8834 /* UPEI PlannerTests.octest */;
			productType = "com.apple.product-type.bundle";
		};
/* End PBXNativeTarget section */

/* Begin PBXProject section */
		4BD4CC6018285A27004F8834 /* Project object */ = {
			isa = PBXProject;
			attributes = {
				LastUpgradeCheck = 0460;
				ORGANIZATIONNAME = "Kyle Pineau & Evan Jackson";
			};
			buildConfigurationList = 4BD4CC6318285A27004F8834 /* Build configuration list for PBXProject "UPEI Planner" */;
			compatibilityVersion = "Xcode 3.2";
			developmentRegion = English;
			hasScannedForEncodings = 0;
			knownRegions = (
				en,
			);
			mainGroup = 4BD4CC5F18285A27004F8834;
			productRefGroup = 4BD4CC6918285A27004F8834 /* Products */;
			projectDirPath = "";
			projectRoot = "";
			targets = (
				4BD4CC6718285A27004F8834 /* UPEI Planner */,
				4BD4CC8C18285A28004F8834 /* UPEI PlannerTests */,
			);
		};
/* End PBXProject section */

/* Begin PBXResourcesBuildPhase section */
		4BD4CC6618285A27004F8834 /* Resources */ = {
			isa = PBXResourcesBuildPhase;
			buildActionMask = 2147483647;
			files = (
				4BD4CC7818285A27004F8834 /* InfoPlist.strings in Resources */,
				4BD4CCAA18285AD9004F8834 /* InformationViewController.xib in Resources */,
				4BD4CCB718285C88004F8834 /* MoodleViewController.xib in Resources */,
				4BFF8C86182FD08C007A5DE2 /* Icon-72.png in Resources */,
				4BFF8C87182FD08C007A5DE2 /* Icon-72@2x.png in Resources */,
				4BFF8C88182FD08C007A5DE2 /* Icon-Small-50.png in Resources */,
				4BFF8C89182FD08C007A5DE2 /* Icon-Small-50@2x.png in Resources */,
				4BFF8C8A182FD08C007A5DE2 /* Icon-Small.png in Resources */,
				4BFF8C8B182FD08C007A5DE2 /* Icon-Small@2x.png in Resources */,
				4BFF8C8C182FD08C007A5DE2 /* Icon.png in Resources */,
				4BFF8C8D182FD08C007A5DE2 /* Icon@2x.png in Resources */,
				4BFF8C8E182FD08C007A5DE2 /* iTunesArtwork.png in Resources */,
				4BFF8C8F182FD08C007A5DE2 /* iTunesArtwork@2x.png in Resources */,
				4BFF8C90182FD08C007A5DE2 /* spacer.gif in Resources */,
				4B9101CA1830206B009F3885 /* Default.png in Resources */,
				4B9101CB1830206B009F3885 /* Default@2x.png in Resources */,
				26BD439A183424A100DA7339 /* EditStudentController.xib in Resources */,
				4BDFD5071837E7520016A21C /* CoursesViewController.xib in Resources */,
				4BE4269218391C3900CBBEBB /* AddClassController.xib in Resources */,
				4B2E07F8183A7AFF00C7F089 /* SingleCourseViewController.xib in Resources */,
				4BBE453A183B13840018A6B5 /* AssignmentsViewController.xib in Resources */,
				4BBE453F183B183D0018A6B5 /* AddAssignmentController.xib in Resources */,
				4BBE4549183B21DB0018A6B5 /* EditClassController.xib in Resources */,
				26C4B8F1183BA59D002BF64F /* ProjectViewController.xib in Resources */,
				26C4B8F6183BA5BF002BF64F /* AddProjectController.xib in Resources */,
				26C4B8FB183BAAA8002BF64F /* ExamViewController.xib in Resources */,
				26C4B900183BAACB002BF64F /* AddExamController.xib in Resources */,
				26C4B905183BAF39002BF64F /* CalendarViewController.xib in Resources */,
			);
			runOnlyForDeploymentPostprocessing = 0;
		};
		4BD4CC8A18285A28004F8834 /* Resources */ = {
			isa = PBXResourcesBuildPhase;
			buildActionMask = 2147483647;
			files = (
				4BD4CC9A18285A28004F8834 /* InfoPlist.strings in Resources */,
			);
			runOnlyForDeploymentPostprocessing = 0;
		};
/* End PBXResourcesBuildPhase section */

/* Begin PBXShellScriptBuildPhase section */
		4BD4CC8B18285A28004F8834 /* ShellScript */ = {
			isa = PBXShellScriptBuildPhase;
			buildActionMask = 2147483647;
			files = (
			);
			inputPaths = (
			);
			outputPaths = (
			);
			runOnlyForDeploymentPostprocessing = 0;
			shellPath = /bin/sh;
			shellScript = "# Run the unit tests in this test bundle.\n\"${SYSTEM_DEVELOPER_DIR}/Tools/RunUnitTests\"\n";
		};
/* End PBXShellScriptBuildPhase section */

/* Begin PBXSourcesBuildPhase section */
		4BD4CC6418285A27004F8834 /* Sources */ = {
			isa = PBXSourcesBuildPhase;
			buildActionMask = 2147483647;
			files = (
				4BD4CC7A18285A27004F8834 /* main.m in Sources */,
				4BD4CC7E18285A27004F8834 /* AppDelegate.m in Sources */,
				4BD4CCA918285AD9004F8834 /* InformationViewController.m in Sources */,
				4BD4CCB618285C88004F8834 /* MoodleViewController.m in Sources */,
				26A79394182BCC0300717995 /* DataModel.xcdatamodeld in Sources */,
				26BD4389183139E700DA7339 /* Project.m in Sources */,
				26BD438C183139E800DA7339 /* StudentClass.m in Sources */,
				26BD438F183139E800DA7339 /* Exam.m in Sources */,
				26BD4392183139E800DA7339 /* Assignment.m in Sources */,
				26BD4395183139E800DA7339 /* Student.m in Sources */,
				26BD4399183424A100DA7339 /* EditStudentController.m in Sources */,
				4BDFD5061837E7520016A21C /* CoursesViewController.m in Sources */,
				4BE4269118391C3900CBBEBB /* AddClassController.m in Sources */,
				4B2E07F7183A7AFF00C7F089 /* SingleCourseViewController.m in Sources */,
				4BBE4539183B13840018A6B5 /* AssignmentsViewController.m in Sources */,
				4BBE453E183B183D0018A6B5 /* AddAssignmentController.m in Sources */,
				4BBE4548183B21DB0018A6B5 /* EditClassController.m in Sources */,
				26C4B8F0183BA59D002BF64F /* ProjectViewController.m in Sources */,
				26C4B8F5183BA5BF002BF64F /* AddProjectController.m in Sources */,
				26C4B8FA183BAAA8002BF64F /* ExamViewController.m in Sources */,
				26C4B8FF183BAACB002BF64F /* AddExamController.m in Sources */,
				26C4B904183BAF39002BF64F /* CalendarViewController.m in Sources */,
			);
			runOnlyForDeploymentPostprocessing = 0;
		};
		4BD4CC8818285A28004F8834 /* Sources */ = {
			isa = PBXSourcesBuildPhase;
			buildActionMask = 2147483647;
			files = (
				4BD4CC9D18285A28004F8834 /* UPEI_PlannerTests.m in Sources */,
			);
			runOnlyForDeploymentPostprocessing = 0;
		};
/* End PBXSourcesBuildPhase section */

/* Begin PBXTargetDependency section */
		4BD4CC9418285A28004F8834 /* PBXTargetDependency */ = {
			isa = PBXTargetDependency;
			target = 4BD4CC6718285A27004F8834 /* UPEI Planner */;
			targetProxy = 4BD4CC9318285A28004F8834 /* PBXContainerItemProxy */;
		};
/* End PBXTargetDependency section */

/* Begin PBXVariantGroup section */
		4BD4CC7618285A27004F8834 /* InfoPlist.strings */ = {
			isa = PBXVariantGroup;
			children = (
				4BD4CC7718285A27004F8834 /* en */,
			);
			name = InfoPlist.strings;
			sourceTree = "<group>";
		};
		4BD4CC9818285A28004F8834 /* InfoPlist.strings */ = {
			isa = PBXVariantGroup;
			children = (
				4BD4CC9918285A28004F8834 /* en */,
			);
			name = InfoPlist.strings;
			sourceTree = "<group>";
		};
/* End PBXVariantGroup section */

/* Begin XCBuildConfiguration section */
		4BD4CC9E18285A28004F8834 /* Debug */ = {
			isa = XCBuildConfiguration;
			buildSettings = {
				ALWAYS_SEARCH_USER_PATHS = NO;
				CLANG_CXX_LANGUAGE_STANDARD = "gnu++0x";
				CLANG_CXX_LIBRARY = "libc++";
				CLANG_ENABLE_OBJC_ARC = YES;
				CLANG_WARN_CONSTANT_CONVERSION = YES;
				CLANG_WARN_EMPTY_BODY = YES;
				CLANG_WARN_ENUM_CONVERSION = YES;
				CLANG_WARN_INT_CONVERSION = YES;
				CLANG_WARN__DUPLICATE_METHOD_MATCH = YES;
				"CODE_SIGN_IDENTITY[sdk=iphoneos*]" = "iPhone Developer";
				COPY_PHASE_STRIP = NO;
				GCC_C_LANGUAGE_STANDARD = gnu99;
				GCC_DYNAMIC_NO_PIC = NO;
				GCC_OPTIMIZATION_LEVEL = 0;
				GCC_PREPROCESSOR_DEFINITIONS = (
					"DEBUG=1",
					"$(inherited)",
				);
				GCC_SYMBOLS_PRIVATE_EXTERN = NO;
				GCC_WARN_ABOUT_RETURN_TYPE = YES;
				GCC_WARN_UNINITIALIZED_AUTOS = YES;
				GCC_WARN_UNUSED_VARIABLE = YES;
				IPHONEOS_DEPLOYMENT_TARGET = 6.1;
				ONLY_ACTIVE_ARCH = YES;
				SDKROOT = iphoneos;
				TARGETED_DEVICE_FAMILY = "1,2";
			};
			name = Debug;
		};
		4BD4CC9F18285A28004F8834 /* Release */ = {
			isa = XCBuildConfiguration;
			buildSettings = {
				ALWAYS_SEARCH_USER_PATHS = NO;
				CLANG_CXX_LANGUAGE_STANDARD = "gnu++0x";
				CLANG_CXX_LIBRARY = "libc++";
				CLANG_ENABLE_OBJC_ARC = YES;
				CLANG_WARN_CONSTANT_CONVERSION = YES;
				CLANG_WARN_EMPTY_BODY = YES;
				CLANG_WARN_ENUM_CONVERSION = YES;
				CLANG_WARN_INT_CONVERSION = YES;
				CLANG_WARN__DUPLICATE_METHOD_MATCH = YES;
				"CODE_SIGN_IDENTITY[sdk=iphoneos*]" = "iPhone Developer";
				COPY_PHASE_STRIP = YES;
				GCC_C_LANGUAGE_STANDARD = gnu99;
				GCC_WARN_ABOUT_RETURN_TYPE = YES;
				GCC_WARN_UNINITIALIZED_AUTOS = YES;
				GCC_WARN_UNUSED_VARIABLE = YES;
				IPHONEOS_DEPLOYMENT_TARGET = 6.1;
				OTHER_CFLAGS = "-DNS_BLOCK_ASSERTIONS=1";
				SDKROOT = iphoneos;
				TARGETED_DEVICE_FAMILY = "1,2";
				VALIDATE_PRODUCT = YES;
			};
			name = Release;
		};
		4BD4CCA118285A28004F8834 /* Debug */ = {
			isa = XCBuildConfiguration;
			buildSettings = {
				GCC_PRECOMPILE_PREFIX_HEADER = YES;
				GCC_PREFIX_HEADER = "UPEI Planner/UPEI Planner-Prefix.pch";
				INFOPLIST_FILE = "UPEI Planner/UPEI Planner-Info.plist";
				IPHONEOS_DEPLOYMENT_TARGET = 6.0;
				PRODUCT_NAME = "$(TARGET_NAME)";
				WRAPPER_EXTENSION = app;
			};
			name = Debug;
		};
		4BD4CCA218285A28004F8834 /* Release */ = {
			isa = XCBuildConfiguration;
			buildSettings = {
				GCC_PRECOMPILE_PREFIX_HEADER = YES;
				GCC_PREFIX_HEADER = "UPEI Planner/UPEI Planner-Prefix.pch";
				INFOPLIST_FILE = "UPEI Planner/UPEI Planner-Info.plist";
				IPHONEOS_DEPLOYMENT_TARGET = 6.0;
				PRODUCT_NAME = "$(TARGET_NAME)";
				WRAPPER_EXTENSION = app;
			};
			name = Release;
		};
		4BD4CCA418285A28004F8834 /* Debug */ = {
			isa = XCBuildConfiguration;
			buildSettings = {
				BUNDLE_LOADER = "$(BUILT_PRODUCTS_DIR)/UPEI Planner.app/UPEI Planner";
				FRAMEWORK_SEARCH_PATHS = (
					"\"$(SDKROOT)/Developer/Library/Frameworks\"",
					"\"$(DEVELOPER_LIBRARY_DIR)/Frameworks\"",
				);
				GCC_PRECOMPILE_PREFIX_HEADER = YES;
				GCC_PREFIX_HEADER = "UPEI Planner/UPEI Planner-Prefix.pch";
				INFOPLIST_FILE = "UPEI PlannerTests/UPEI PlannerTests-Info.plist";
				PRODUCT_NAME = "$(TARGET_NAME)";
				TEST_HOST = "$(BUNDLE_LOADER)";
				WRAPPER_EXTENSION = octest;
			};
			name = Debug;
		};
		4BD4CCA518285A28004F8834 /* Release */ = {
			isa = XCBuildConfiguration;
			buildSettings = {
				BUNDLE_LOADER = "$(BUILT_PRODUCTS_DIR)/UPEI Planner.app/UPEI Planner";
				FRAMEWORK_SEARCH_PATHS = (
					"\"$(SDKROOT)/Developer/Library/Frameworks\"",
					"\"$(DEVELOPER_LIBRARY_DIR)/Frameworks\"",
				);
				GCC_PRECOMPILE_PREFIX_HEADER = YES;
				GCC_PREFIX_HEADER = "UPEI Planner/UPEI Planner-Prefix.pch";
				INFOPLIST_FILE = "UPEI PlannerTests/UPEI PlannerTests-Info.plist";
				PRODUCT_NAME = "$(TARGET_NAME)";
				TEST_HOST = "$(BUNDLE_LOADER)";
				WRAPPER_EXTENSION = octest;
			};
			name = Release;
		};
/* End XCBuildConfiguration section */

/* Begin XCConfigurationList section */
		4BD4CC6318285A27004F8834 /* Build configuration list for PBXProject "UPEI Planner" */ = {
			isa = XCConfigurationList;
			buildConfigurations = (
				4BD4CC9E18285A28004F8834 /* Debug */,
				4BD4CC9F18285A28004F8834 /* Release */,
			);
			defaultConfigurationIsVisible = 0;
			defaultConfigurationName = Release;
		};
		4BD4CCA018285A28004F8834 /* Build configuration list for PBXNativeTarget "UPEI Planner" */ = {
			isa = XCConfigurationList;
			buildConfigurations = (
				4BD4CCA118285A28004F8834 /* Debug */,
				4BD4CCA218285A28004F8834 /* Release */,
			);
			defaultConfigurationIsVisible = 0;
			defaultConfigurationName = Release;
		};
		4BD4CCA318285A28004F8834 /* Build configuration list for PBXNativeTarget "UPEI PlannerTests" */ = {
			isa = XCConfigurationList;
			buildConfigurations = (
				4BD4CCA418285A28004F8834 /* Debug */,
				4BD4CCA518285A28004F8834 /* Release */,
			);
			defaultConfigurationIsVisible = 0;
			defaultConfigurationName = Release;
		};
/* End XCConfigurationList section */

/* Begin XCVersionGroup section */
		26A79392182BCC0300717995 /* DataModel.xcdatamodeld */ = {
			isa = XCVersionGroup;
			children = (
				4BDFD4FD1837D9210016A21C /* DataModel 2.xcdatamodel */,
				26A79393182BCC0300717995 /* DataModel.xcdatamodel */,
			);
			currentVersion = 4BDFD4FD1837D9210016A21C /* DataModel 2.xcdatamodel */;
			path = DataModel.xcdatamodeld;
			sourceTree = "<group>";
			versionGroupType = wrapper.xcdatamodel;
		};
/* End XCVersionGroup section */
	};
	rootObject = 4BD4CC6018285A27004F8834 /* Project object */;
}
